
Microsoft Visual Studio Solution File, Format Version 12.00
# Visual Studio 2012
Project("{FAE04EC0-301F-11D3-BF4B-00C04F79EFBC}") = "XamarinCordova.iOS.Binding", "XamarinCordova.iOS.Binding\XamarinCordova.iOS.Binding.csproj", "{1E3D1926-B512-4A61-8391-54A57E0596A7}"
EndProject
Project("{FAE04EC0-301F-11D3-BF4B-00C04F79EFBC}") = "XamarinCordova.iOS.Example", "XamarinCordova.iOS.Example\XamarinCordova.iOS.Example.csproj", "{784FBA0C-0AA6-4079-AC0B-88623125EC36}"
EndProject
Global
	GlobalSection(SolutionConfigurationPlatforms) = preSolution
		Debug|Any CPU = Debug|Any CPU
		Release|Any CPU = Release|Any CPU
		Debug|iPhoneSimulator = Debug|iPhoneSimulator
		Release|iPhone = Release|iPhone
		Release|iPhoneSimulator = Release|iPhoneSimulator
		Debug|iPhone = Debug|iPhone
	EndGlobalSection
	GlobalSection(ProjectConfigurationPlatforms) = postSolution
		{1E3D1926-B512-4A61-8391-54A57E0596A7}.Debug|Any CPU.ActiveCfg = Debug|Any CPU
		{1E3D1926-B512-4A61-8391-54A57E0596A7}.Debug|Any CPU.Build.0 = Debug|Any CPU
		{1E3D1926-B512-4A61-8391-54A57E0596A7}.Release|Any CPU.ActiveCfg = Release|Any CPU
		{1E3D1926-B512-4A61-8391-54A57E0596A7}.Release|Any CPU.Build.0 = Release|Any CPU
		{1E3D1926-B512-4A61-8391-54A57E0596A7}.Debug|iPhoneSimulator.ActiveCfg = Debug|Any CPU
		{1E3D1926-B512-4A61-8391-54A57E0596A7}.Debug|iPhoneSimulator.Build.0 = Debug|Any CPU
		{1E3D1926-B512-4A61-8391-54A57E0596A7}.Release|iPhone.ActiveCfg = Release|Any CPU
		{1E3D1926-B512-4A61-8391-54A57E0596A7}.Release|iPhone.Build.0 = Release|Any CPU
		{1E3D1926-B512-4A61-8391-54A57E0596A7}.Release|iPhoneSimulator.ActiveCfg = Release|Any CPU
		{1E3D1926-B512-4A61-8391-54A57E0596A7}.Release|iPhoneSimulator.Build.0 = Release|Any CPU
		{1E3D1926-B512-4A61-8391-54A57E0596A7}.Debug|iPhone.ActiveCfg = Debug|Any CPU
		{1E3D1926-B512-4A61-8391-54A57E0596A7}.Debug|iPhone.Build.0 = Debug|Any CPU
		{784FBA0C-0AA6-4079-AC0B-88623125EC36}.Debug|Any CPU.ActiveCfg = Debug|iPhoneSimulator
		{784FBA0C-0AA6-4079-AC0B-88623125EC36}.Debug|Any CPU.Build.0 = Debug|iPhoneSimulator
		{784FBA0C-0AA6-4079-AC0B-88623125EC36}.Release|Any CPU.ActiveCfg = Debug|iPhoneSimulator
		{784FBA0C-0AA6-4079-AC0B-88623125EC36}.Release|Any CPU.Build.0 = Debug|iPhoneSimulator
		{784FBA0C-0AA6-4079-AC0B-88623125EC36}.Debug|iPhoneSimulator.ActiveCfg = Debug|iPhoneSimulator
		{784FBA0C-0AA6-4079-AC0B-88623125EC36}.Debug|iPhoneSimulator.Build.0 = Debug|iPhoneSimulator
		{784FBA0C-0AA6-4079-AC0B-88623125EC36}.Release|iPhone.ActiveCfg = Release|iPhone
		{784FBA0C-0AA6-4079-AC0B-88623125EC36}.Release|iPhone.Build.0 = Release|iPhone
		{784FBA0C-0AA6-4079-AC0B-88623125EC36}.Release|iPhoneSimulator.ActiveCfg = Release|iPhoneSimulator
		{784FBA0C-0AA6-4079-AC0B-88623125EC36}.Release|iPhoneSimulator.Build.0 = Release|iPhoneSimulator
		{784FBA0C-0AA6-4079-AC0B-88623125EC36}.Debug|iPhone.ActiveCfg = Debug|iPhone
		{784FBA0C-0AA6-4079-AC0B-88623125EC36}.Debug|iPhone.Build.0 = Debug|iPhone
	EndGlobalSection
EndGlobal
